// !$*UTF8*$!
{
	archiveVersion = 1;
	classes = {
	};
	objectVersion = 46;
	objects = {

/* Begin PBXBuildFile section */
		3F6B0CF81D8041F200C486D6 /* AppDelegate.swift in Sources */ = {isa = PBXBuildFile; fileRef = 3F6B0CF71D8041F200C486D6 /* AppDelegate.swift */; };
		3F6B0CFA1D8041F200C486D6 /* ViewController.swift in Sources */ = {isa = PBXBuildFile; fileRef = 3F6B0CF91D8041F200C486D6 /* ViewController.swift */; };
		3F6B0CFD1D8041F200C486D6 /* Main.storyboard in Resources */ = {isa = PBXBuildFile; fileRef = 3F6B0CFB1D8041F200C486D6 /* Main.storyboard */; };
		3F6B0CFF1D8041F200C486D6 /* Assets.xcassets in Resources */ = {isa = PBXBuildFile; fileRef = 3F6B0CFE1D8041F200C486D6 /* Assets.xcassets */; };
		3F6B0D021D8041F200C486D6 /* LaunchScreen.storyboard in Resources */ = {isa = PBXBuildFile; fileRef = 3F6B0D001D8041F200C486D6 /* LaunchScreen.storyboard */; };
		3F6B0D0D1D8041F300C486D6 /* TipCalculatorTests.swift in Sources */ = {isa = PBXBuildFile; fileRef = 3F6B0D0C1D8041F300C486D6 /* TipCalculatorTests.swift */; };
		3F6B0D181D8041F300C486D6 /* TipCalculatorUITests.swift in Sources */ = {isa = PBXBuildFile; fileRef = 3F6B0D171D8041F300C486D6 /* TipCalculatorUITests.swift */; };
/* End PBXBuildFile section */

/* Begin PBXContainerItemProxy section */
		3F6B0D091D8041F300C486D6 /* PBXContainerItemProxy */ = {
			isa = PBXContainerItemProxy;
			containerPortal = 3F6B0CEC1D8041F200C486D6 /* Project object */;
			proxyType = 1;
			remoteGlobalIDString = 3F6B0CF31D8041F200C486D6;
			remoteInfo = TipCalculator;
		};
		3F6B0D141D8041F300C486D6 /* PBXContainerItemProxy */ = {
			isa = PBXContainerItemProxy;
			containerPortal = 3F6B0CEC1D8041F200C486D6 /* Project object */;
			proxyType = 1;
			remoteGlobalIDString = 3F6B0CF31D8041F200C486D6;
			remoteInfo = TipCalculator;
		};
/* End PBXContainerItemProxy section */

/* Begin PBXFileReference section */
		3F6B0CF41D8041F200C486D6 /* TipCalculator.app */ = {isa = PBXFileReference; explicitFileType = wrapper.application; includeInIndex = 0; path = TipCalculator.app; sourceTree = BUILT_PRODUCTS_DIR; };
		3F6B0CF71D8041F200C486D6 /* AppDelegate.swift */ = {isa = PBXFileReference; lastKnownFileType = sourcecode.swift; path = AppDelegate.swift; sourceTree = "<group>"; };
		3F6B0CF91D8041F200C486D6 /* ViewController.swift */ = {isa = PBXFileReference; lastKnownFileType = sourcecode.swift; path = ViewController.swift; sourceTree = "<group>"; xcLanguageSpecificationIdentifier = xcode.lang.swift; };
		3F6B0CFC1D8041F200C486D6 /* Base */ = {isa = PBXFileReference; lastKnownFileType = file.storyboard; name = Base; path = Base.lproj/Main.storyboard; sourceTree = "<group>"; };
		3F6B0CFE1D8041F200C486D6 /* Assets.xcassets */ = {isa = PBXFileReference; lastKnownFileType = folder.assetcatalog; path = Assets.xcassets; sourceTree = "<group>"; };
		3F6B0D011D8041F200C486D6 /* Base */ = {isa = PBXFileReference; lastKnownFileType = file.storyboard; name = Base; path = Base.lproj/LaunchScreen.storyboard; sourceTree = "<group>"; };
		3F6B0D031D8041F200C486D6 /* Info.plist */ = {isa = PBXFileReference; lastKnownFileType = text.plist.xml; path = Info.plist; sourceTree = "<group>"; };
		3F6B0D081D8041F300C486D6 /* TipCalculatorTests.xctest */ = {isa = PBXFileReference; explicitFileType = wrapper.cfbundle; includeInIndex = 0; path = TipCalculatorTests.xctest; sourceTree = BUILT_PRODUCTS_DIR; };
		3F6B0D0C1D8041F300C486D6 /* TipCalculatorTests.swift */ = {isa = PBXFileReference; lastKnownFileType = sourcecode.swift; path = TipCalculatorTests.swift; sourceTree = "<group>"; };
		3F6B0D0E1D8041F300C486D6 /* Info.plist */ = {isa = PBXFileReference; lastKnownFileType = text.plist.xml; path = Info.plist; sourceTree = "<group>"; };
		3F6B0D131D8041F300C486D6 /* TipCalculatorUITests.xctest */ = {isa = PBXFileReference; explicitFileType = wrapper.cfbundle; includeInIndex = 0; path = TipCalculatorUITests.xctest; sourceTree = BUILT_PRODUCTS_DIR; };
		3F6B0D171D8041F300C486D6 /* TipCalculatorUITests.swift */ = {isa = PBXFileReference; lastKnownFileType = sourcecode.swift; path = TipCalculatorUITests.swift; sourceTree = "<group>"; };
		3F6B0D191D8041F300C486D6 /* Info.plist */ = {isa = PBXFileReference; lastKnownFileType = text.plist.xml; path = Info.plist; sourceTree = "<group>"; };
/* End PBXFileReference section */

/* Begin PBXFrameworksBuildPhase section */
		3F6B0CF11D8041F200C486D6 /* Frameworks */ = {
			isa = PBXFrameworksBuildPhase;
			buildActionMask = 2147483647;
			files = (
			);
			runOnlyForDeploymentPostprocessing = 0;
		};
		3F6B0D051D8041F300C486D6 /* Frameworks */ = {
			isa = PBXFrameworksBuildPhase;
			buildActionMask = 2147483647;
			files = (
			);
			runOnlyForDeploymentPostprocessing = 0;
		};
		3F6B0D101D8041F300C486D6 /* Frameworks */ = {
			isa = PBXFrameworksBuildPhase;
			buildActionMask = 2147483647;
			files = (
			);
			runOnlyForDeploymentPostprocessing = 0;
		};
/* End PBXFrameworksBuildPhase section */

/* Begin PBXGroup section */
		3F6B0CEB1D8041F200C486D6 = {
			isa = PBXGroup;
			children = (
				3F6B0CF61D8041F200C486D6 /* TipCalculator */,
				3F6B0D0B1D8041F300C486D6 /* TipCalculatorTests */,
				3F6B0D161D8041F300C486D6 /* TipCalculatorUITests */,
				3F6B0CF51D8041F200C486D6 /* Products */,
			);
			sourceTree = "<group>";
		};
		3F6B0CF51D8041F200C486D6 /* Products */ = {
			isa = PBXGroup;
			children = (
				3F6B0CF41D8041F200C486D6 /* TipCalculator.app */,
				3F6B0D081D8041F300C486D6 /* TipCalculatorTests.xctest */,
				3F6B0D131D8041F300C486D6 /* TipCalculatorUITests.xctest */,
			);
			name = Products;
			sourceTree = "<group>";
		};
		3F6B0CF61D8041F200C486D6 /* TipCalculator */ = {
			isa = PBXGroup;
			children = (
				3F6B0CF71D8041F200C486D6 /* AppDelegate.swift */,
				3F6B0CF91D8041F200C486D6 /* ViewController.swift */,
				3F6B0CFB1D8041F200C486D6 /* Main.storyboard */,
				3F6B0CFE1D8041F200C486D6 /* Assets.xcassets */,
				3F6B0D001D8041F200C486D6 /* LaunchScreen.storyboard */,
				3F6B0D031D8041F200C486D6 /* Info.plist */,
			);
			path = TipCalculator;
			sourceTree = "<group>";
		};
		3F6B0D0B1D8041F300C486D6 /* TipCalculatorTests */ = {
			isa = PBXGroup;
			children = (
				3F6B0D0C1D8041F300C486D6 /* TipCalculatorTests.swift */,
				3F6B0D0E1D8041F300C486D6 /* Info.plist */,
			);
			path = TipCalculatorTests;
			sourceTree = "<group>";
		};
		3F6B0D161D8041F300C486D6 /* TipCalculatorUITests */ = {
			isa = PBXGroup;
			children = (
				3F6B0D171D8041F300C486D6 /* TipCalculatorUITests.swift */,
				3F6B0D191D8041F300C486D6 /* Info.plist */,
			);
			path = TipCalculatorUITests;
			sourceTree = "<group>";
		};
/* End PBXGroup section */

/* Begin PBXNativeTarget section */
		3F6B0CF31D8041F200C486D6 /* TipCalculator */ = {
			isa = PBXNativeTarget;
			buildConfigurationList = 3F6B0D1C1D8041F300C486D6 /* Build configuration list for PBXNativeTarget "TipCalculator" */;
			buildPhases = (
				3F6B0CF01D8041F200C486D6 /* Sources */,
				3F6B0CF11D8041F200C486D6 /* Frameworks */,
				3F6B0CF21D8041F200C486D6 /* Resources */,
			);
			buildRules = (
			);
			dependencies = (
			);
			name = TipCalculator;
			productName = TipCalculator;
			productReference = 3F6B0CF41D8041F200C486D6 /* TipCalculator.app */;
			productType = "com.apple.product-type.application";
		};
		3F6B0D071D8041F300C486D6 /* TipCalculatorTests */ = {
			isa = PBXNativeTarget;
			buildConfigurationList = 3F6B0D1F1D8041F300C486D6 /* Build configuration list for PBXNativeTarget "TipCalculatorTests" */;
			buildPhases = (
				3F6B0D041D8041F300C486D6 /* Sources */,
				3F6B0D051D8041F300C486D6 /* Frameworks */,
				3F6B0D061D8041F300C486D6 /* Resources */,
			);
			buildRules = (
			);
			dependencies = (
				3F6B0D0A1D8041F300C486D6 /* PBXTargetDependency */,
			);
			name = TipCalculatorTests;
			productName = TipCalculatorTests;
			productReference = 3F6B0D081D8041F300C486D6 /* TipCalculatorTests.xctest */;
			productType = "com.apple.product-type.bundle.unit-test";
		};
		3F6B0D121D8041F300C486D6 /* TipCalculatorUITests */ = {
			isa = PBXNativeTarget;
			buildConfigurationList = 3F6B0D221D8041F300C486D6 /* Build configuration list for PBXNativeTarget "TipCalculatorUITests" */;
			buildPhases = (
				3F6B0D0F1D8041F300C486D6 /* Sources */,
				3F6B0D101D8041F300C486D6 /* Frameworks */,
				3F6B0D111D8041F300C486D6 /* Resources */,
			);
			buildRules = (
			);
			dependencies = (
				3F6B0D151D8041F300C486D6 /* PBXTargetDependency */,
			);
			name = TipCalculatorUITests;
			productName = TipCalculatorUITests;
			productReference = 3F6B0D131D8041F300C486D6 /* TipCalculatorUITests.xctest */;
			productType = "com.apple.product-type.bundle.ui-testing";
		};
/* End PBXNativeTarget section */

/* Begin PBXProject section */
		3F6B0CEC1D8041F200C486D6 /* Project object */ = {
			isa = PBXProject;
			attributes = {
				LastSwiftUpdateCheck = 0730;
				LastUpgradeCheck = 0730;
				ORGANIZATIONNAME = Plindh;
				TargetAttributes = {
					3F6B0CF31D8041F200C486D6 = {
						CreatedOnToolsVersion = 7.3.1;
						DevelopmentTeam = A5NYZ2DV84;
						LastSwiftMigration = 0800;
					};
					3F6B0D071D8041F300C486D6 = {
						CreatedOnToolsVersion = 7.3.1;
						LastSwiftMigration = 0800;
						TestTargetID = 3F6B0CF31D8041F200C486D6;
					};
					3F6B0D121D8041F300C486D6 = {
						CreatedOnToolsVersion = 7.3.1;
						LastSwiftMigration = 0800;
						TestTargetID = 3F6B0CF31D8041F200C486D6;
					};
				};
			};
			buildConfigurationList = 3F6B0CEF1D8041F200C486D6 /* Build configuration list for PBXProject "TipCalculator" */;
			compatibilityVersion = "Xcode 3.2";
			developmentRegion = English;
			hasScannedForEncodings = 0;
			knownRegions = (
				en,
				Base,
			);
			mainGroup = 3F6B0CEB1D8041F200C486D6;
			productRefGroup = 3F6B0CF51D8041F200C486D6 /* Products */;
			projectDirPath = "";
			projectRoot = "";
			targets = (
				3F6B0CF31D8041F200C486D6 /* TipCalculator */,
				3F6B0D071D8041F300C486D6 /* TipCalculatorTests */,
				3F6B0D121D8041F300C486D6 /* TipCalculatorUITests */,
			);
		};
/* End PBXProject section */

/* Begin PBXResourcesBuildPhase section */
		3F6B0CF21D8041F200C486D6 /* Resources */ = {
			isa = PBXResourcesBuildPhase;
			buildActionMask = 2147483647;
			files = (
				3F6B0D021D8041F200C486D6 /* LaunchScreen.storyboard in Resources */,
				3F6B0CFF1D8041F200C486D6 /* Assets.xcassets in Resources */,
				3F6B0CFD1D8041F200C486D6 /* Main.storyboard in Resources */,
			);
			runOnlyForDeploymentPostprocessing = 0;
		};
		3F6B0D061D8041F300C486D6 /* Resources */ = {
			isa = PBXResourcesBuildPhase;
			buildActionMask = 2147483647;
			files = (
			);
			runOnlyForDeploymentPostprocessing = 0;
		};
		3F6B0D111D8041F300C486D6 /* Resources */ = {
			isa = PBXResourcesBuildPhase;
			buildActionMask = 2147483647;
			files = (
			);
			runOnlyForDeploymentPostprocessing = 0;
		};
/* End PBXResourcesBuildPhase section */

/* Begin PBXSourcesBuildPhase section */
		3F6B0CF01D8041F200C486D6 /* Sources */ = {
			isa = PBXSourcesBuildPhase;
			buildActionMask = 2147483647;
			files = (
				3F6B0CFA1D8041F200C486D6 /* ViewController.swift in Sources */,
				3F6B0CF81D8041F200C486D6 /* AppDelegate.swift in Sources */,
			);
			runOnlyForDeploymentPostprocessing = 0;
		};
		3F6B0D041D8041F300C486D6 /* Sources */ = {
			isa = PBXSourcesBuildPhase;
			buildActionMask = 2147483647;
			files = (
				3F6B0D0D1D8041F300C486D6 /* TipCalculatorTests.swift in Sources */,
			);
			runOnlyForDeploymentPostprocessing = 0;
		};
		3F6B0D0F1D8041F300C486D6 /* Sources */ = {
			isa = PBXSourcesBuildPhase;
			buildActionMask = 2147483647;
			files = (
				3F6B0D181D8041F300C486D6 /* TipCalculatorUITests.swift in Sources */,
			);
			runOnlyForDeploymentPostprocessing = 0;
		};
/* End PBXSourcesBuildPhase section */

/* Begin PBXTargetDependency section */
		3F6B0D0A1D8041F300C486D6 /* PBXTargetDependency */ = {
			isa = PBXTargetDependency;
			target = 3F6B0CF31D8041F200C486D6 /* TipCalculator */;
			targetProxy = 3F6B0D091D8041F300C486D6 /* PBXContainerItemProxy */;
		};
		3F6B0D151D8041F300C486D6 /* PBXTargetDependency */ = {
			isa = PBXTargetDependency;
			target = 3F6B0CF31D8041F200C486D6 /* TipCalculator */;
			targetProxy = 3F6B0D141D8041F300C486D6 /* PBXContainerItemProxy */;
		};
/* End PBXTargetDependency section */

/* Begin PBXVariantGroup section */
		3F6B0CFB1D8041F200C486D6 /* Main.storyboard */ = {
			isa = PBXVariantGroup;
			children = (
				3F6B0CFC1D8041F200C486D6 /* Base */,
			);
			name = Main.storyboard;
			sourceTree = "<group>";
		};
		3F6B0D001D8041F200C486D6 /* LaunchScreen.storyboard */ = {
			isa = PBXVariantGroup;
			children = (
				3F6B0D011D8041F200C486D6 /* Base */,
			);
			name = LaunchScreen.storyboard;
			sourceTree = "<group>";
		};
/* End PBXVariantGroup section */

/* Begin XCBuildConfiguration section */
		3F6B0D1A1D8041F300C486D6 /* Debug */ = {
			isa = XCBuildConfiguration;
			buildSettings = {
				ALWAYS_SEARCH_USER_PATHS = NO;
				CLANG_ANALYZER_NONNULL = YES;
				CLANG_CXX_LANGUAGE_STANDARD = "gnu++0x";
				CLANG_CXX_LIBRARY = "libc++";
				CLANG_ENABLE_MODULES = YES;
				CLANG_ENABLE_OBJC_ARC = YES;
				CLANG_WARN_BOOL_CONVERSION = YES;
				CLANG_WARN_CONSTANT_CONVERSION = YES;
				CLANG_WARN_DIRECT_OBJC_ISA_USAGE = YES_ERROR;
				CLANG_WARN_EMPTY_BODY = YES;
				CLANG_WARN_ENUM_CONVERSION = YES;
				CLANG_WARN_INT_CONVERSION = YES;
				CLANG_WARN_OBJC_ROOT_CLASS = YES_ERROR;
				CLANG_WARN_UNREACHABLE_CODE = YES;
				CLANG_WARN__DUPLICATE_METHOD_MATCH = YES;
				"CODE_SIGN_IDENTITY[sdk=iphoneos*]" = "iPhone Developer";
				COPY_PHASE_STRIP = NO;
				DEBUG_INFORMATION_FORMAT = dwarf;
				ENABLE_STRICT_OBJC_MSGSEND = YES;
				ENABLE_TESTABILITY = YES;
				GCC_C_LANGUAGE_STANDARD = gnu99;
				GCC_DYNAMIC_NO_PIC = NO;
				GCC_NO_COMMON_BLOCKS = YES;
				GCC_OPTIMIZATION_LEVEL = 0;
				GCC_PREPROCESSOR_DEFINITIONS = (
					"DEBUG=1",
					"$(inherited)",
				);
				GCC_WARN_64_TO_32_BIT_CONVERSION = YES;
				GCC_WARN_ABOUT_RETURN_TYPE = YES_ERROR;
				GCC_WARN_UNDECLARED_SELECTOR = YES;
				GCC_WARN_UNINITIALIZED_AUTOS = YES_AGGRESSIVE;
				GCC_WARN_UNUSED_FUNCTION = YES;
				GCC_WARN_UNUSED_VARIABLE = YES;
				IPHONEOS_DEPLOYMENT_TARGET = 9.3;
				MTL_ENABLE_DEBUG_INFO = YES;
				ONLY_ACTIVE_ARCH = YES;
				SDKROOT = iphoneos;
				SWIFT_OPTIMIZATION_LEVEL = "-Onone";
				TARGETED_DEVICE_FAMILY = "1,2";
			};
			name = Debug;
		};
		3F6B0D1B1D8041F300C486D6 /* Release */ = {
			isa = XCBuildConfiguration;
			buildSettings = {
				ALWAYS_SEARCH_USER_PATHS = NO;
				CLANG_ANALYZER_NONNULL = YES;
				CLANG_CXX_LANGUAGE_STANDARD = "gnu++0x";
				CLANG_CXX_LIBRARY = "libc++";
				CLANG_ENABLE_MODULES = YES;
				CLANG_ENABLE_OBJC_ARC = YES;
				CLANG_WARN_BOOL_CONVERSION = YES;
				CLANG_WARN_CONSTANT_CONVERSION = YES;
				CLANG_WARN_DIRECT_OBJC_ISA_USAGE = YES_ERROR;
				CLANG_WARN_EMPTY_BODY = YES;
				CLANG_WARN_ENUM_CONVERSION = YES;
				CLANG_WARN_INT_CONVERSION = YES;
				CLANG_WARN_OBJC_ROOT_CLASS = YES_ERROR;
				CLANG_WARN_UNREACHABLE_CODE = YES;
				CLANG_WARN__DUPLICATE_METHOD_MATCH = YES;
				"CODE_SIGN_IDENTITY[sdk=iphoneos*]" = "iPhone Developer";
				COPY_PHASE_STRIP = NO;
				DEBUG_INFORMATION_FORMAT = "dwarf-with-dsym";
				ENABLE_NS_ASSERTIONS = NO;
				ENABLE_STRICT_OBJC_MSGSEND = YES;
				GCC_C_LANGUAGE_STANDARD = gnu99;
				GCC_NO_COMMON_BLOCKS = YES;
				GCC_WARN_64_TO_32_BIT_CONVERSION = YES;
				GCC_WARN_ABOUT_RETURN_TYPE = YES_ERROR;
				GCC_WARN_UNDECLARED_SELECTOR = YES;
				GCC_WARN_UNINITIALIZED_AUTOS = YES_AGGRESSIVE;
				GCC_WARN_UNUSED_FUNCTION = YES;
				GCC_WARN_UNUSED_VARIABLE = YES;
				IPHONEOS_DEPLOYMENT_TARGET = 9.3;
				MTL_ENABLE_DEBUG_INFO = NO;
				SDKROOT = iphoneos;
				TARGETED_DEVICE_FAMILY = "1,2";
				VALIDATE_PRODUCT = YES;
			};
			name = Release;
		};
		3F6B0D1D1D8041F300C486D6 /* Debug */ = {
			isa = XCBuildConfiguration;
			buildSettings = {
				ASSETCATALOG_COMPILER_APPICON_NAME = AppIcon;
				DEVELOPMENT_TEAM = A5NYZ2DV84;
				INFOPLIST_FILE = TipCalculator/Info.plist;
				LD_RUNPATH_SEARCH_PATHS = "$(inherited) @executable_path/Frameworks";
				PRODUCT_BUNDLE_IDENTIFIER = PL.TipCalculator;
				PRODUCT_NAME = "$(TARGET_NAME)";
				SWIFT_VERSION = 3.0;
			};
			name = Debug;
		};
		3F6B0D1E1D8041F300C486D6 /* Release */ = {
			isa = XCBuildConfiguration;
			buildSettings = {
				ASSETCATALOG_COMPILER_APPICON_NAME = AppIcon;
				DEVELOPMENT_TEAM = A5NYZ2DV84;
				INFOPLIST_FILE = TipCalculator/Info.plist;
				LD_RUNPATH_SEARCH_PATHS = "$(inherited) @executable_path/Frameworks";
				PRODUCT_BUNDLE_IDENTIFIER = PL.TipCalculator;
				PRODUCT_NAME = "$(TARGET_NAME)";
				SWIFT_VERSION = 3.0;
			};
			name = Release;
		};
		3F6B0D201D8041F300C486D6 /* Debug */ = {
			isa = XCBuildConfiguration;
			buildSettings = {
				BUNDLE_LOADER = "$(TEST_HOST)";
				INFOPLIST_FILE = TipCalculatorTests/Info.plist;
				LD_RUNPATH_SEARCH_PATHS = "$(inherited) @executable_path/Frameworks @loader_path/Frameworks";
				PRODUCT_BUNDLE_IDENTIFIER = PL.TipCalculatorTests;
				PRODUCT_NAME = "$(TARGET_NAME)";
				SWIFT_VERSION = 3.0;
				TEST_HOST = "$(BUILT_PRODUCTS_DIR)/TipCalculator.app/TipCalculator";
			};
			name = Debug;
		};
		3F6B0D211D8041F300C486D6 /* Release */ = {
			isa = XCBuildConfiguration;
			buildSettings = {
				BUNDLE_LOADER = "$(TEST_HOST)";
				INFOPLIST_FILE = TipCalculatorTests/Info.plist;
				LD_RUNPATH_SEARCH_PATHS = "$(inherited) @executable_path/Frameworks @loader_path/Frameworks";
				PRODUCT_BUNDLE_IDENTIFIER = PL.TipCalculatorTests;
				PRODUCT_NAME = "$(TARGET_NAME)";
				SWIFT_VERSION = 3.0;
				TEST_HOST = "$(BUILT_PRODUCTS_DIR)/TipCalculator.app/TipCalculator";
			};
			name = Release;
		};
		3F6B0D231D8041F300C486D6 /* Debug */ = {
			isa = XCBuildConfiguration;
			buildSettings = {
				INFOPLIST_FILE = TipCalculatorUITests/Info.plist;
				LD_RUNPATH_SEARCH_PATHS = "$(inherited) @executable_path/Frameworks @loader_path/Frameworks";
				PRODUCT_BUNDLE_IDENTIFIER = PL.TipCalculatorUITests;
				PRODUCT_NAME = "$(TARGET_NAME)";
				SWIFT_VERSION = 3.0;
				TEST_TARGET_NAME = TipCalculator;
			};
			name = Debug;
		};
		3F6B0D241D8041F300C486D6 /* Release */ = {
			isa = XCBuildConfiguration;
			buildSettings = {
				INFOPLIST_FILE = TipCalculatorUITests/Info.plist;
				LD_RUNPATH_SEARCH_PATHS = "$(inherited) @executable_path/Frameworks @loader_path/Frameworks";
				PRODUCT_BUNDLE_IDENTIFIER = PL.TipCalculatorUITests;
				PRODUCT_NAME = "$(TARGET_NAME)";
				SWIFT_VERSION = 3.0;
				TEST_TARGET_NAME = TipCalculator;
			};
			name = Release;
		};
/* End XCBuildConfiguration section */

/* Begin XCConfigurationList section */
		3F6B0CEF1D8041F200C486D6 /* Build configuration list for PBXProject "TipCalculator" */ = {
			isa = XCConfigurationList;
			buildConfigurations = (
				3F6B0D1A1D8041F300C486D6 /* Debug */,
				3F6B0D1B1D8041F300C486D6 /* Release */,
			);
			defaultConfigurationIsVisible = 0;
			defaultConfigurationName = Release;
		};
		3F6B0D1C1D8041F300C486D6 /* Build configuration list for PBXNativeTarget "TipCalculator" */ = {
			isa = XCConfigurationList;
			buildConfigurations = (
				3F6B0D1D1D8041F300C486D6 /* Debug */,
				3F6B0D1E1D8041F300C486D6 /* Release */,
			);
			defaultConfigurationIsVisible = 0;
			defaultConfigurationName = Release;
		};
		3F6B0D1F1D8041F300C486D6 /* Build configuration list for PBXNativeTarget "TipCalculatorTests" */ = {
			isa = XCConfigurationList;
			buildConfigurations = (
				3F6B0D201D8041F300C486D6 /* Debug */,
				3F6B0D211D8041F300C486D6 /* Release */,
			);
			defaultConfigurationIsVisible = 0;
			defaultConfigurationName = Release;
		};
		3F6B0D221D8041F300C486D6 /* Build configuration list for PBXNativeTarget "TipCalculatorUITests" */ = {
			isa = XCConfigurationList;
			buildConfigurations = (
				3F6B0D231D8041F300C486D6 /* Debug */,
				3F6B0D241D8041F300C486D6 /* Release */,
			);
			defaultConfigurationIsVisible = 0;
			defaultConfigurationName = Release;
		};
/* End XCConfigurationList section */
	};
	rootObject = 3F6B0CEC1D8041F200C486D6 /* Project object */;
}
